
Microsoft Visual Studio Solution File, Format Version 12.00
# Visual Studio Version 17
VisualStudioVersion = 17.11.35431.28
MinimumVisualStudioVersion = 10.0.40219.1
Project("{FAE04EC0-301F-11D3-BF4B-00C04F79EFBC}") = "bai2", "bai2\bai2.csproj", "{56D8E2E8-F19D-4ADB-B2A6-0F71BB6811D6}"
EndProject
Global
	GlobalSection(SolutionConfigurationPlatforms) = preSolution
		Debug|Any CPU = Debug|Any CPU
		Release|Any CPU = Release|Any CPU
	EndGlobalSection
	GlobalSection(ProjectConfigurationPlatforms) = postSolution
		{56D8E2E8-F19D-4ADB-B2A6-0F71BB6811D6}.Debug|Any CPU.ActiveCfg = Debug|Any CPU
		{56D8E2E8-F19D-4ADB-B2A6-0F71BB6811D6}.Debug|Any CPU.Build.0 = Debug|Any CPU
		{56D8E2E8-F19D-4ADB-B2A6-0F71BB6811D6}.Release|Any CPU.ActiveCfg = Release|Any CPU
		{56D8E2E8-F19D-4ADB-B2A6-0F71BB6811D6}.Release|Any CPU.Build.0 = Release|Any CPU
	EndGlobalSection
	GlobalSection(SolutionProperties) = preSolution
		HideSolutionNode = FALSE
	EndGlobalSection
	GlobalSection(ExtensibilityGlobals) = postSolution
		SolutionGuid = {BE580DC7-6007-4756-8CE4-E0B8DAE3C790}
	EndGlobalSection
EndGlobal
