
Microsoft Visual Studio Solution File, Format Version 12.00
# Visual Studio Version 17
VisualStudioVersion = 17.11.35303.130
MinimumVisualStudioVersion = 10.0.40219.1
Project("{FAE04EC0-301F-11D3-BF4B-00C04F79EFBC}") = "Lab2-23520580-TranThanhHung", "Lab2-23520580-TranThanhHung\Lab2-23520580-TranThanhHung.csproj", "{52FBCB12-A134-4F56-ABAE-CFEB56B670FF}"
EndProject
Global
	GlobalSection(SolutionConfigurationPlatforms) = preSolution
		Debug|Any CPU = Debug|Any CPU
		Release|Any CPU = Release|Any CPU
	EndGlobalSection
	GlobalSection(ProjectConfigurationPlatforms) = postSolution
		{52FBCB12-A134-4F56-ABAE-CFEB56B670FF}.Debug|Any CPU.ActiveCfg = Debug|Any CPU
		{52FBCB12-A134-4F56-ABAE-CFEB56B670FF}.Debug|Any CPU.Build.0 = Debug|Any CPU
		{52FBCB12-A134-4F56-ABAE-CFEB56B670FF}.Release|Any CPU.ActiveCfg = Release|Any CPU
		{52FBCB12-A134-4F56-ABAE-CFEB56B670FF}.Release|Any CPU.Build.0 = Release|Any CPU
	EndGlobalSection
	GlobalSection(SolutionProperties) = preSolution
		HideSolutionNode = FALSE
	EndGlobalSection
	GlobalSection(ExtensibilityGlobals) = postSolution
		SolutionGuid = {D81BA006-8B25-42E5-917E-CBA66C79FCA2}
	EndGlobalSection
EndGlobal
